
Microsoft Visual Studio Solution File, Format Version 12.00
# Visual Studio Version 17
VisualStudioVersion = 17.2.32519.379
MinimumVisualStudioVersion = 10.0.40219.1
Project("{FAE04EC0-301F-11D3-BF4B-00C04F79EFBC}") = "Interfaces and Enums", "Interfaces and Enums\Interfaces and Enums.csproj", "{6A640D42-DBCE-4467-8DA8-106339B9E3E1}"
EndProject
Global
	GlobalSection(SolutionConfigurationPlatforms) = preSolution
		Debug|Any CPU = Debug|Any CPU
		Release|Any CPU = Release|Any CPU
	EndGlobalSection
	GlobalSection(ProjectConfigurationPlatforms) = postSolution
		{6A640D42-DBCE-4467-8DA8-106339B9E3E1}.Debug|Any CPU.ActiveCfg = Debug|Any CPU
		{6A640D42-DBCE-4467-8DA8-106339B9E3E1}.Debug|Any CPU.Build.0 = Debug|Any CPU
		{6A640D42-DBCE-4467-8DA8-106339B9E3E1}.Release|Any CPU.ActiveCfg = Release|Any CPU
		{6A640D42-DBCE-4467-8DA8-106339B9E3E1}.Release|Any CPU.Build.0 = Release|Any CPU
	EndGlobalSection
	GlobalSection(SolutionProperties) = preSolution
		HideSolutionNode = FALSE
	EndGlobalSection
	GlobalSection(ExtensibilityGlobals) = postSolution
		SolutionGuid = {F6639F9D-DFD5-487E-AA49-7C6D4D7589CD}
	EndGlobalSection
EndGlobal
